
Microsoft Visual Studio Solution File, Format Version 12.00
Project("{2150E333-8FDC-42A3-9474-1A3956D46DE8}") = "__SolutionItems", "__SolutionItems", "{E1C7432F-7C18-4B3D-B449-CCB12FBC368C}"
	ProjectSection(SolutionItems) = preProject
		.github\workflows\main.yml = .github\workflows\main.yml
		.gitignore = .gitignore
		.config\dotnet-tools.json = .config\dotnet-tools.json
		Directory.Build.props = Directory.Build.props
		README.md = README.md
		.editorconfig = .editorconfig
		Directory.Packages.props = Directory.Packages.props
	EndProjectSection
EndProject
Project("{FAE04EC0-301F-11D3-BF4B-00C04F79EFBC}") = "Client", "Client\Client.csproj", "{3E085F02-2504-49B7-870F-5DE651A22430}"
EndProject
Project("{FAE04EC0-301F-11D3-BF4B-00C04F79EFBC}") = "Shared.TestTooling", "Shared.TestTooling\Shared.TestTooling.csproj", "{9BE7A071-0A89-410F-A94A-EFE4335B6FDF}"
EndProject
Project("{2150E333-8FDC-42A3-9474-1A3956D46DE8}") = "_Shared", "_Shared", "{EBB5BFCB-F69C-4BDF-B1ED-928F7612C337}"
EndProject
Project("{2150E333-8FDC-42A3-9474-1A3956D46DE8}") = "Tests", "Tests", "{2C16D545-E0F6-446B-8693-DA84D25DE2F0}"
	ProjectSection(SolutionItems) = preProject
		Tests\Directory.Build.props = Tests\Directory.Build.props
		Tests\stryker-config.json = Tests\stryker-config.json
	EndProjectSection
EndProject
Project("{FAE04EC0-301F-11D3-BF4B-00C04F79EFBC}") = "App", "App\App.csproj", "{FBDF604D-DD3B-445F-999F-9D241AB49FD6}"
EndProject
Project("{FAE04EC0-301F-11D3-BF4B-00C04F79EFBC}") = "Infra", "Infra\Infra.csproj", "{1F1852A9-B49F-4413-831E-7CAB66DD681E}"
EndProject
Project("{FAE04EC0-301F-11D3-BF4B-00C04F79EFBC}") = "App.Tests", "Tests\App.Tests\App.Tests.csproj", "{5EBED724-E86A-4323-B7B6-97694CFB6FD1}"
EndProject
Project("{FAE04EC0-301F-11D3-BF4B-00C04F79EFBC}") = "Infra.Tests", "Tests\Infra.Tests\Infra.Tests.csproj", "{73FE5F05-FD06-45DB-BD22-3C3C354D9106}"
EndProject
Project("{2150E333-8FDC-42A3-9474-1A3956D46DE8}") = "App", "App", "{DF507F89-550F-4263-9907-1FF984AF829B}"
EndProject
Project("{2150E333-8FDC-42A3-9474-1A3956D46DE8}") = "Infra", "Infra", "{F47445F1-2D8A-41BE-92CC-CC50DF5DC5AD}"
EndProject
Global
	GlobalSection(SolutionConfigurationPlatforms) = preSolution
		Debug|Any CPU = Debug|Any CPU
		Release|Any CPU = Release|Any CPU
	EndGlobalSection
	GlobalSection(ProjectConfigurationPlatforms) = postSolution
		{3E085F02-2504-49B7-870F-5DE651A22430}.Debug|Any CPU.ActiveCfg = Debug|Any CPU
		{3E085F02-2504-49B7-870F-5DE651A22430}.Debug|Any CPU.Build.0 = Debug|Any CPU
		{3E085F02-2504-49B7-870F-5DE651A22430}.Release|Any CPU.ActiveCfg = Release|Any CPU
		{3E085F02-2504-49B7-870F-5DE651A22430}.Release|Any CPU.Build.0 = Release|Any CPU
		{9BE7A071-0A89-410F-A94A-EFE4335B6FDF}.Debug|Any CPU.ActiveCfg = Debug|Any CPU
		{9BE7A071-0A89-410F-A94A-EFE4335B6FDF}.Debug|Any CPU.Build.0 = Debug|Any CPU
		{9BE7A071-0A89-410F-A94A-EFE4335B6FDF}.Release|Any CPU.ActiveCfg = Release|Any CPU
		{9BE7A071-0A89-410F-A94A-EFE4335B6FDF}.Release|Any CPU.Build.0 = Release|Any CPU
		{FBDF604D-DD3B-445F-999F-9D241AB49FD6}.Debug|Any CPU.ActiveCfg = Debug|Any CPU
		{FBDF604D-DD3B-445F-999F-9D241AB49FD6}.Debug|Any CPU.Build.0 = Debug|Any CPU
		{FBDF604D-DD3B-445F-999F-9D241AB49FD6}.Release|Any CPU.ActiveCfg = Release|Any CPU
		{FBDF604D-DD3B-445F-999F-9D241AB49FD6}.Release|Any CPU.Build.0 = Release|Any CPU
		{1F1852A9-B49F-4413-831E-7CAB66DD681E}.Debug|Any CPU.ActiveCfg = Debug|Any CPU
		{1F1852A9-B49F-4413-831E-7CAB66DD681E}.Debug|Any CPU.Build.0 = Debug|Any CPU
		{1F1852A9-B49F-4413-831E-7CAB66DD681E}.Release|Any CPU.ActiveCfg = Release|Any CPU
		{1F1852A9-B49F-4413-831E-7CAB66DD681E}.Release|Any CPU.Build.0 = Release|Any CPU
		{5EBED724-E86A-4323-B7B6-97694CFB6FD1}.Debug|Any CPU.ActiveCfg = Debug|Any CPU
		{5EBED724-E86A-4323-B7B6-97694CFB6FD1}.Debug|Any CPU.Build.0 = Debug|Any CPU
		{5EBED724-E86A-4323-B7B6-97694CFB6FD1}.Release|Any CPU.ActiveCfg = Release|Any CPU
		{5EBED724-E86A-4323-B7B6-97694CFB6FD1}.Release|Any CPU.Build.0 = Release|Any CPU
		{73FE5F05-FD06-45DB-BD22-3C3C354D9106}.Debug|Any CPU.ActiveCfg = Debug|Any CPU
		{73FE5F05-FD06-45DB-BD22-3C3C354D9106}.Debug|Any CPU.Build.0 = Debug|Any CPU
		{73FE5F05-FD06-45DB-BD22-3C3C354D9106}.Release|Any CPU.ActiveCfg = Release|Any CPU
		{73FE5F05-FD06-45DB-BD22-3C3C354D9106}.Release|Any CPU.Build.0 = Release|Any CPU
	EndGlobalSection
	GlobalSection(NestedProjects) = preSolution
		{9BE7A071-0A89-410F-A94A-EFE4335B6FDF} = {EBB5BFCB-F69C-4BDF-B1ED-928F7612C337}
		{2C16D545-E0F6-446B-8693-DA84D25DE2F0} = {E1C7432F-7C18-4B3D-B449-CCB12FBC368C}
		{1F1852A9-B49F-4413-831E-7CAB66DD681E} = {F47445F1-2D8A-41BE-92CC-CC50DF5DC5AD}
		{73FE5F05-FD06-45DB-BD22-3C3C354D9106} = {F47445F1-2D8A-41BE-92CC-CC50DF5DC5AD}
		{FBDF604D-DD3B-445F-999F-9D241AB49FD6} = {DF507F89-550F-4263-9907-1FF984AF829B}
		{5EBED724-E86A-4323-B7B6-97694CFB6FD1} = {DF507F89-550F-4263-9907-1FF984AF829B}
	EndGlobalSection
EndGlobal
